
Microsoft Visual Studio Solution File, Format Version 12.00
# Visual Studio Version 17
VisualStudioVersion = 17.1.32328.378
MinimumVisualStudioVersion = 10.0.40219.1
Project("{FAE04EC0-301F-11D3-BF4B-00C04F79EFBC}") = "pryMamondezLP-SP1", "pryMamondezLP-SP1.csproj", "{159FEBCC-EC8C-4A01-9C1D-1D917722F1AF}"
EndProject
Global
	GlobalSection(SolutionConfigurationPlatforms) = preSolution
		Debug|Any CPU = Debug|Any CPU
		Release|Any CPU = Release|Any CPU
	EndGlobalSection
	GlobalSection(ProjectConfigurationPlatforms) = postSolution
		{159FEBCC-EC8C-4A01-9C1D-1D917722F1AF}.Debug|Any CPU.ActiveCfg = Debug|Any CPU
		{159FEBCC-EC8C-4A01-9C1D-1D917722F1AF}.Debug|Any CPU.Build.0 = Debug|Any CPU
		{159FEBCC-EC8C-4A01-9C1D-1D917722F1AF}.Release|Any CPU.ActiveCfg = Release|Any CPU
		{159FEBCC-EC8C-4A01-9C1D-1D917722F1AF}.Release|Any CPU.Build.0 = Release|Any CPU
	EndGlobalSection
	GlobalSection(SolutionProperties) = preSolution
		HideSolutionNode = FALSE
	EndGlobalSection
	GlobalSection(ExtensibilityGlobals) = postSolution
		SolutionGuid = {A46B1807-1C61-4543-8FA1-6F118CA08639}
	EndGlobalSection
EndGlobal
